
Microsoft Visual Studio Solution File, Format Version 12.00
# Visual Studio Version 16
VisualStudioVersion = 16.0.30114.105
MinimumVisualStudioVersion = 10.0.40219.1
Project("{FAE04EC0-301F-11D3-BF4B-00C04F79EFBC}") = "CoD", "CoD\CoD.csproj", "{41A7FD59-8ECE-4DB1-B09A-6AEBE5E88F4A}"
EndProject
Global
	GlobalSection(SolutionConfigurationPlatforms) = preSolution
		Debug|Any CPU = Debug|Any CPU
		Release|Any CPU = Release|Any CPU
	EndGlobalSection
	GlobalSection(ProjectConfigurationPlatforms) = postSolution
		{41A7FD59-8ECE-4DB1-B09A-6AEBE5E88F4A}.Debug|Any CPU.ActiveCfg = Debug|Any CPU
		{41A7FD59-8ECE-4DB1-B09A-6AEBE5E88F4A}.Debug|Any CPU.Build.0 = Debug|Any CPU
		{41A7FD59-8ECE-4DB1-B09A-6AEBE5E88F4A}.Release|Any CPU.ActiveCfg = Release|Any CPU
		{41A7FD59-8ECE-4DB1-B09A-6AEBE5E88F4A}.Release|Any CPU.Build.0 = Release|Any CPU
	EndGlobalSection
	GlobalSection(SolutionProperties) = preSolution
		HideSolutionNode = FALSE
	EndGlobalSection
	GlobalSection(ExtensibilityGlobals) = postSolution
		SolutionGuid = {ED0182CB-C641-495A-808F-62A416A5BB24}
	EndGlobalSection
EndGlobal
